
Microsoft Visual Studio Solution File, Format Version 12.00
# Visual Studio Version 17
VisualStudioVersion = 17.14.36327.8 d17.14
MinimumVisualStudioVersion = 10.0.40219.1
Project("{FAE04EC0-301F-11D3-BF4B-00C04F79EFBC}") = "OrderProcessor.FunctionApp", "OrderProcessor.FunctionApp\OrderProcessor.FunctionApp.csproj", "{31CA6976-3559-4F40-886B-8F8C2CA728D0}"
EndProject
Project("{FAE04EC0-301F-11D3-BF4B-00C04F79EFBC}") = "OrderProcessor.Shared", "OrderProcessor.Shared\OrderProcessor.Shared.csproj", "{6229E538-DF2E-4BF8-82A3-CB010CC31A67}"
EndProject
Project("{FAE04EC0-301F-11D3-BF4B-00C04F79EFBC}") = "OrderProcessor.WebApi", "OrderProcessor.WebApi\OrderProcessor.WebApi.csproj", "{26D7080A-B153-44B9-92D7-56B7B81DCE3C}"
EndProject
Global
	GlobalSection(SolutionConfigurationPlatforms) = preSolution
		Debug|Any CPU = Debug|Any CPU
		Release|Any CPU = Release|Any CPU
	EndGlobalSection
	GlobalSection(ProjectConfigurationPlatforms) = postSolution
		{31CA6976-3559-4F40-886B-8F8C2CA728D0}.Debug|Any CPU.ActiveCfg = Debug|Any CPU
		{31CA6976-3559-4F40-886B-8F8C2CA728D0}.Debug|Any CPU.Build.0 = Debug|Any CPU
		{31CA6976-3559-4F40-886B-8F8C2CA728D0}.Release|Any CPU.ActiveCfg = Release|Any CPU
		{31CA6976-3559-4F40-886B-8F8C2CA728D0}.Release|Any CPU.Build.0 = Release|Any CPU
		{6229E538-DF2E-4BF8-82A3-CB010CC31A67}.Debug|Any CPU.ActiveCfg = Debug|Any CPU
		{6229E538-DF2E-4BF8-82A3-CB010CC31A67}.Debug|Any CPU.Build.0 = Debug|Any CPU
		{6229E538-DF2E-4BF8-82A3-CB010CC31A67}.Release|Any CPU.ActiveCfg = Release|Any CPU
		{6229E538-DF2E-4BF8-82A3-CB010CC31A67}.Release|Any CPU.Build.0 = Release|Any CPU
		{26D7080A-B153-44B9-92D7-56B7B81DCE3C}.Debug|Any CPU.ActiveCfg = Debug|Any CPU
		{26D7080A-B153-44B9-92D7-56B7B81DCE3C}.Debug|Any CPU.Build.0 = Debug|Any CPU
		{26D7080A-B153-44B9-92D7-56B7B81DCE3C}.Release|Any CPU.ActiveCfg = Release|Any CPU
		{26D7080A-B153-44B9-92D7-56B7B81DCE3C}.Release|Any CPU.Build.0 = Release|Any CPU
	EndGlobalSection
	GlobalSection(SolutionProperties) = preSolution
		HideSolutionNode = FALSE
	EndGlobalSection
	GlobalSection(ExtensibilityGlobals) = postSolution
		SolutionGuid = {0F02830D-5544-4208-8959-5CA6710AE47E}
	EndGlobalSection
EndGlobal
