
Microsoft Visual Studio Solution File, Format Version 12.00
# Visual Studio Version 17
VisualStudioVersion = 17.14.36221.1
MinimumVisualStudioVersion = 10.0.40219.1
Project("{FAE04EC0-301F-11D3-BF4B-00C04F79EFBC}") = "FileProcessingApp", "ConsoleApp\FileProcessingApp.csproj", "{C43425C9-967D-4EDB-80C9-3BD283D977E4}"
EndProject
Project("{2150E333-8FDC-42A3-9474-1A3956D46DE8}") = "Solution Items", "Solution Items", "{8EC462FD-D22E-90A8-E5CE-7E832BA40C5D}"
	ProjectSection(SolutionItems) = preProject
		ConsoleApp\.dockerignore = ConsoleApp\.dockerignore
		ConsoleApp\Dockerfile = ConsoleApp\Dockerfile
	EndProjectSection
EndProject
Project("{FAE04EC0-301F-11D3-BF4B-00C04F79EFBC}") = "FileIngesterBackgroundService", "FileIngesterBackgroundService\FileIngesterBackgroundService.csproj", "{55725AE1-64F9-474B-B43B-60591677B61E}"
EndProject
Project("{E53339B2-1760-4266-BCC7-CA923CBCF16C}") = "docker-compose", "docker-compose.dcproj", "{81DDED9D-158B-E303-5F62-77A2896D2A5A}"
EndProject
Project("{2150E333-8FDC-42A3-9474-1A3956D46DE8}") = "K8S", "K8S", "{02EA681E-C7D8-13C7-8484-4AC65E1B71E8}"
EndProject
Project("{2150E333-8FDC-42A3-9474-1A3956D46DE8}") = "ACR", "ACR", "{D9A42D33-EBB4-4187-943C-DC1623AF031E}"
	ProjectSection(SolutionItems) = preProject
		build_and_push.ps1 = build_and_push.ps1
	EndProjectSection
EndProject
Global
	GlobalSection(SolutionConfigurationPlatforms) = preSolution
		Debug|Any CPU = Debug|Any CPU
		Release|Any CPU = Release|Any CPU
	EndGlobalSection
	GlobalSection(ProjectConfigurationPlatforms) = postSolution
		{C43425C9-967D-4EDB-80C9-3BD283D977E4}.Debug|Any CPU.ActiveCfg = Debug|Any CPU
		{C43425C9-967D-4EDB-80C9-3BD283D977E4}.Debug|Any CPU.Build.0 = Debug|Any CPU
		{C43425C9-967D-4EDB-80C9-3BD283D977E4}.Release|Any CPU.ActiveCfg = Release|Any CPU
		{C43425C9-967D-4EDB-80C9-3BD283D977E4}.Release|Any CPU.Build.0 = Release|Any CPU
		{55725AE1-64F9-474B-B43B-60591677B61E}.Debug|Any CPU.ActiveCfg = Debug|Any CPU
		{55725AE1-64F9-474B-B43B-60591677B61E}.Debug|Any CPU.Build.0 = Debug|Any CPU
		{55725AE1-64F9-474B-B43B-60591677B61E}.Release|Any CPU.ActiveCfg = Release|Any CPU
		{55725AE1-64F9-474B-B43B-60591677B61E}.Release|Any CPU.Build.0 = Release|Any CPU
		{81DDED9D-158B-E303-5F62-77A2896D2A5A}.Debug|Any CPU.ActiveCfg = Debug|Any CPU
		{81DDED9D-158B-E303-5F62-77A2896D2A5A}.Debug|Any CPU.Build.0 = Debug|Any CPU
		{81DDED9D-158B-E303-5F62-77A2896D2A5A}.Release|Any CPU.ActiveCfg = Release|Any CPU
		{81DDED9D-158B-E303-5F62-77A2896D2A5A}.Release|Any CPU.Build.0 = Release|Any CPU
	EndGlobalSection
	GlobalSection(SolutionProperties) = preSolution
		HideSolutionNode = FALSE
	EndGlobalSection
	GlobalSection(NestedProjects) = preSolution
		{02EA681E-C7D8-13C7-8484-4AC65E1B71E8} = {8EC462FD-D22E-90A8-E5CE-7E832BA40C5D}
		{D9A42D33-EBB4-4187-943C-DC1623AF031E} = {8EC462FD-D22E-90A8-E5CE-7E832BA40C5D}
	EndGlobalSection
	GlobalSection(ExtensibilityGlobals) = postSolution
		SolutionGuid = {5FE18814-0B19-4669-9381-DA5E493A88C8}
	EndGlobalSection
EndGlobal
